
Microsoft Visual Studio Solution File, Format Version 12.00
# Visual Studio 15
VisualStudioVersion = 15.0.28010.0
MinimumVisualStudioVersion = 10.0.40219.1
Project("{8BC9CEB8-8B4A-11D0-8D11-00A0C91BC942}") = "Sandbox", "Sandbox\Sandbox.vcxproj", "{DAF5F577-890D-4E11-88D8-362D74D2340C}"
EndProject
Project("{8BC9CEB8-8B4A-11D0-8D11-00A0C91BC942}") = "Buffalo", "Buffalo\Buffalo.vcxproj", "{D91228FF-B461-4ACC-A8CC-A3E12F9B69CA}"
EndProject
Global
	GlobalSection(SolutionConfigurationPlatforms) = preSolution
		Debug|x64 = Debug|x64
		Release|x64 = Release|x64
	EndGlobalSection
	GlobalSection(ProjectConfigurationPlatforms) = postSolution
		{D91228FF-B461-4ACC-A8CC-A3E12F9B69CA}.Debug|x64.ActiveCfg = Debug|x64
		{D91228FF-B461-4ACC-A8CC-A3E12F9B69CA}.Debug|x64.Build.0 = Debug|x64
		{D91228FF-B461-4ACC-A8CC-A3E12F9B69CA}.Release|x64.ActiveCfg = Release|x64
		{D91228FF-B461-4ACC-A8CC-A3E12F9B69CA}.Release|x64.Build.0 = Release|x64
		{DAF5F577-890D-4E11-88D8-362D74D2340C}.Debug|x64.ActiveCfg = Debug|x64
		{DAF5F577-890D-4E11-88D8-362D74D2340C}.Debug|x64.Build.0 = Debug|x64
		{DAF5F577-890D-4E11-88D8-362D74D2340C}.Release|x64.ActiveCfg = Release|x64
		{DAF5F577-890D-4E11-88D8-362D74D2340C}.Release|x64.Build.0 = Release|x64
	EndGlobalSection
	GlobalSection(SolutionProperties) = preSolution
		HideSolutionNode = FALSE
	EndGlobalSection
	GlobalSection(ExtensibilityGlobals) = postSolution
		SolutionGuid = {F51F80EC-9FB1-4A02-A233-9B340DE8E89E}
	EndGlobalSection
EndGlobal
