<?xml version="1.0" encoding="utf-8"?>
<Project ToolsVersion="4.0" xmlns="http://schemas.microsoft.com/developer/msbuild/2003">
  <ItemGroup>
    <Filter Include="Buffalo">
      <UniqueIdentifier>{C4359EF4-3015-1D90-392D-A866A58B83F1}</UniqueIdentifier>
    </Filter>
  </ItemGroup>
  <ItemGroup>
    <ClInclude Include="src\Buffalo.h" />
    <ClInclude Include="src\Buffalo\Application.h">
      <Filter>Buffalo</Filter>
    </ClInclude>
    <ClInclude Include="src\Buffalo\Core.h">
      <Filter>Buffalo</Filter>
    </ClInclude>
    <ClInclude Include="src\Buffalo\EntryPoint.h">
      <Filter>Buffalo</Filter>
    </ClInclude>
    <ClInclude Include="src\Buffalo\Log.h">
      <Filter>Buffalo</Filter>
    </ClInclude>
  </ItemGroup>
  <ItemGroup>
    <ClCompile Include="src\Buffalo\Application.cpp">
      <Filter>Buffalo</Filter>
    </ClCompile>
    <ClCompile Include="src\Buffalo\Log.cpp">
      <Filter>Buffalo</Filter>
    </ClCompile>
  </ItemGroup>
</Project>